
Microsoft Visual Studio Solution File, Format Version 12.00
# Visual Studio Version 16
VisualStudioVersion = 16.0.29102.190
MinimumVisualStudioVersion = 10.0.40219.1
Project("{FAE04EC0-301F-11D3-BF4B-00C04F79EFBC}") = "UtilityWpf.View", "UtilityWpf.View\UtilityWpf.View.csproj", "{DEE623FD-EF9B-4FB6-A6A0-C04AD50D0CCA}"
EndProject
Project("{FAE04EC0-301F-11D3-BF4B-00C04F79EFBC}") = "UtilityWpf.DemoApp", "UtilityWpf.DemoApp\UtilityWpf.DemoApp.csproj", "{4F94C136-3FE6-419D-8E6A-222DD5F81262}"
EndProject
Project("{FAE04EC0-301F-11D3-BF4B-00C04F79EFBC}") = "UtilityWpf.ViewModel", "UtilityWpf.ViewModel\UtilityWpf.ViewModel.csproj", "{B37CA4E6-0E1A-43F6-BF51-AB800A6677F0}"
EndProject
Project("{FAE04EC0-301F-11D3-BF4B-00C04F79EFBC}") = "UtilityWpf.Common", "UtilityWpf.Common\UtilityWpf.Common.csproj", "{62D2FFEB-DF74-4567-B251-3AD07C22D494}"
EndProject
Project("{FAE04EC0-301F-11D3-BF4B-00C04F79EFBC}") = "UtilityWpf.Animation", "UtilityWpf.Animation\UtilityWpf.Animation.csproj", "{317D69F3-2AFA-44FB-8178-5E4E344A0C71}"
EndProject
Project("{FAE04EC0-301F-11D3-BF4B-00C04F79EFBC}") = "UtilityWpf.DemoAnimation", "UtilityWpf.DemoAnimation\UtilityWpf.DemoAnimation.csproj", "{50ACFDF0-8DF7-4951-BD93-C7490917CE30}"
EndProject
Project("{FAE04EC0-301F-11D3-BF4B-00C04F79EFBC}") = "UtilityWpf.View.Livecharts", "UtilityWpf.View.LiveCharts\UtilityWpf.View.Livecharts.csproj", "{AFBC7D54-D55F-4054-840D-1A816AB71435}"
EndProject
Global
	GlobalSection(SolutionConfigurationPlatforms) = preSolution
		Debug|Any CPU = Debug|Any CPU
		Release|Any CPU = Release|Any CPU
	EndGlobalSection
	GlobalSection(ProjectConfigurationPlatforms) = postSolution
		{DEE623FD-EF9B-4FB6-A6A0-C04AD50D0CCA}.Debug|Any CPU.ActiveCfg = Debug|Any CPU
		{DEE623FD-EF9B-4FB6-A6A0-C04AD50D0CCA}.Debug|Any CPU.Build.0 = Debug|Any CPU
		{DEE623FD-EF9B-4FB6-A6A0-C04AD50D0CCA}.Release|Any CPU.ActiveCfg = Release|Any CPU
		{DEE623FD-EF9B-4FB6-A6A0-C04AD50D0CCA}.Release|Any CPU.Build.0 = Release|Any CPU
		{4F94C136-3FE6-419D-8E6A-222DD5F81262}.Debug|Any CPU.ActiveCfg = Debug|Any CPU
		{4F94C136-3FE6-419D-8E6A-222DD5F81262}.Debug|Any CPU.Build.0 = Debug|Any CPU
		{4F94C136-3FE6-419D-8E6A-222DD5F81262}.Release|Any CPU.ActiveCfg = Release|Any CPU
		{4F94C136-3FE6-419D-8E6A-222DD5F81262}.Release|Any CPU.Build.0 = Release|Any CPU
		{B37CA4E6-0E1A-43F6-BF51-AB800A6677F0}.Debug|Any CPU.ActiveCfg = Debug|Any CPU
		{B37CA4E6-0E1A-43F6-BF51-AB800A6677F0}.Debug|Any CPU.Build.0 = Debug|Any CPU
		{B37CA4E6-0E1A-43F6-BF51-AB800A6677F0}.Release|Any CPU.ActiveCfg = Release|Any CPU
		{B37CA4E6-0E1A-43F6-BF51-AB800A6677F0}.Release|Any CPU.Build.0 = Release|Any CPU
		{62D2FFEB-DF74-4567-B251-3AD07C22D494}.Debug|Any CPU.ActiveCfg = Debug|Any CPU
		{62D2FFEB-DF74-4567-B251-3AD07C22D494}.Debug|Any CPU.Build.0 = Debug|Any CPU
		{62D2FFEB-DF74-4567-B251-3AD07C22D494}.Release|Any CPU.ActiveCfg = Release|Any CPU
		{62D2FFEB-DF74-4567-B251-3AD07C22D494}.Release|Any CPU.Build.0 = Release|Any CPU
		{317D69F3-2AFA-44FB-8178-5E4E344A0C71}.Debug|Any CPU.ActiveCfg = Debug|Any CPU
		{317D69F3-2AFA-44FB-8178-5E4E344A0C71}.Debug|Any CPU.Build.0 = Debug|Any CPU
		{317D69F3-2AFA-44FB-8178-5E4E344A0C71}.Release|Any CPU.ActiveCfg = Release|Any CPU
		{317D69F3-2AFA-44FB-8178-5E4E344A0C71}.Release|Any CPU.Build.0 = Release|Any CPU
		{50ACFDF0-8DF7-4951-BD93-C7490917CE30}.Debug|Any CPU.ActiveCfg = Debug|Any CPU
		{50ACFDF0-8DF7-4951-BD93-C7490917CE30}.Debug|Any CPU.Build.0 = Debug|Any CPU
		{50ACFDF0-8DF7-4951-BD93-C7490917CE30}.Release|Any CPU.ActiveCfg = Release|Any CPU
		{50ACFDF0-8DF7-4951-BD93-C7490917CE30}.Release|Any CPU.Build.0 = Release|Any CPU
		{AFBC7D54-D55F-4054-840D-1A816AB71435}.Debug|Any CPU.ActiveCfg = Debug|Any CPU
		{AFBC7D54-D55F-4054-840D-1A816AB71435}.Debug|Any CPU.Build.0 = Debug|Any CPU
		{AFBC7D54-D55F-4054-840D-1A816AB71435}.Release|Any CPU.ActiveCfg = Release|Any CPU
		{AFBC7D54-D55F-4054-840D-1A816AB71435}.Release|Any CPU.Build.0 = Release|Any CPU
	EndGlobalSection
	GlobalSection(SolutionProperties) = preSolution
		HideSolutionNode = FALSE
	EndGlobalSection
	GlobalSection(ExtensibilityGlobals) = postSolution
		SolutionGuid = {7D60CFCE-498F-4A6D-9B9B-5546561C117E}
	EndGlobalSection
EndGlobal
